// !$*UTF8*$!
{
	archiveVersion = 1;
	classes = {
	};
	objectVersion = 46;
	objects = {

/* Begin PBXBuildFile section */
		70B6045B18D7DC8E007DA74F /* Foundation.framework in Frameworks */ = {isa = PBXBuildFile; fileRef = 70B6045A18D7DC8E007DA74F /* Foundation.framework */; };
		70B6045D18D7DC8E007DA74F /* CoreGraphics.framework in Frameworks */ = {isa = PBXBuildFile; fileRef = 70B6045C18D7DC8E007DA74F /* CoreGraphics.framework */; };
		70B6045F18D7DC8E007DA74F /* UIKit.framework in Frameworks */ = {isa = PBXBuildFile; fileRef = 70B6045E18D7DC8E007DA74F /* UIKit.framework */; };
		70B6046518D7DC8E007DA74F /* InfoPlist.strings in Resources */ = {isa = PBXBuildFile; fileRef = 70B6046318D7DC8E007DA74F /* InfoPlist.strings */; };
		70B6046718D7DC8E007DA74F /* main.m in Sources */ = {isa = PBXBuildFile; fileRef = 70B6046618D7DC8E007DA74F /* main.m */; };
		70B6046B18D7DC8E007DA74F /* CMJAppDelegate.m in Sources */ = {isa = PBXBuildFile; fileRef = 70B6046A18D7DC8E007DA74F /* CMJAppDelegate.m */; };
		70B6046E18D7DC8E007DA74F /* Main.storyboard in Resources */ = {isa = PBXBuildFile; fileRef = 70B6046C18D7DC8E007DA74F /* Main.storyboard */; };
		70B6047118D7DC8E007DA74F /* CMJViewController.m in Sources */ = {isa = PBXBuildFile; fileRef = 70B6047018D7DC8E007DA74F /* CMJViewController.m */; };
		70B6047318D7DC8E007DA74F /* Images.xcassets in Resources */ = {isa = PBXBuildFile; fileRef = 70B6047218D7DC8E007DA74F /* Images.xcassets */; };
		70B6047A18D7DC8E007DA74F /* XCTest.framework in Frameworks */ = {isa = PBXBuildFile; fileRef = 70B6047918D7DC8E007DA74F /* XCTest.framework */; };
		70B6047B18D7DC8F007DA74F /* Foundation.framework in Frameworks */ = {isa = PBXBuildFile; fileRef = 70B6045A18D7DC8E007DA74F /* Foundation.framework */; };
		70B6047C18D7DC8F007DA74F /* UIKit.framework in Frameworks */ = {isa = PBXBuildFile; fileRef = 70B6045E18D7DC8E007DA74F /* UIKit.framework */; };
		70B6048418D7DC8F007DA74F /* InfoPlist.strings in Resources */ = {isa = PBXBuildFile; fileRef = 70B6048218D7DC8F007DA74F /* InfoPlist.strings */; };
		70B6048618D7DC8F007DA74F /* DoItAgainTests.m in Sources */ = {isa = PBXBuildFile; fileRef = 70B6048518D7DC8F007DA74F /* DoItAgainTests.m */; };
		70B6049018D7DCC4007DA74F /* CheckMate.framework in Frameworks */ = {isa = PBXBuildFile; fileRef = 70B6048F18D7DCC4007DA74F /* CheckMate.framework */; };
/* End PBXBuildFile section */

/* Begin PBXContainerItemProxy section */
		70B6047D18D7DC8F007DA74F /* PBXContainerItemProxy */ = {
			isa = PBXContainerItemProxy;
			containerPortal = 70B6044F18D7DC8E007DA74F /* Project object */;
			proxyType = 1;
			remoteGlobalIDString = 70B6045618D7DC8E007DA74F;
			remoteInfo = DoItAgain;
		};
/* End PBXContainerItemProxy section */

/* Begin PBXFileReference section */
		70B6045718D7DC8E007DA74F /* DoItAgain.app */ = {isa = PBXFileReference; explicitFileType = wrapper.application; includeInIndex = 0; path = DoItAgain.app; sourceTree = BUILT_PRODUCTS_DIR; };
		70B6045A18D7DC8E007DA74F /* Foundation.framework */ = {isa = PBXFileReference; lastKnownFileType = wrapper.framework; name = Foundation.framework; path = System/Library/Frameworks/Foundation.framework; sourceTree = SDKROOT; };
		70B6045C18D7DC8E007DA74F /* CoreGraphics.framework */ = {isa = PBXFileReference; lastKnownFileType = wrapper.framework; name = CoreGraphics.framework; path = System/Library/Frameworks/CoreGraphics.framework; sourceTree = SDKROOT; };
		70B6045E18D7DC8E007DA74F /* UIKit.framework */ = {isa = PBXFileReference; lastKnownFileType = wrapper.framework; name = UIKit.framework; path = System/Library/Frameworks/UIKit.framework; sourceTree = SDKROOT; };
		70B6046218D7DC8E007DA74F /* DoItAgain-Info.plist */ = {isa = PBXFileReference; lastKnownFileType = text.plist.xml; path = "DoItAgain-Info.plist"; sourceTree = "<group>"; };
		70B6046418D7DC8E007DA74F /* en */ = {isa = PBXFileReference; lastKnownFileType = text.plist.strings; name = en; path = en.lproj/InfoPlist.strings; sourceTree = "<group>"; };
		70B6046618D7DC8E007DA74F /* main.m */ = {isa = PBXFileReference; lastKnownFileType = sourcecode.c.objc; path = main.m; sourceTree = "<group>"; };
		70B6046818D7DC8E007DA74F /* DoItAgain-Prefix.pch */ = {isa = PBXFileReference; lastKnownFileType = sourcecode.c.h; path = "DoItAgain-Prefix.pch"; sourceTree = "<group>"; };
		70B6046918D7DC8E007DA74F /* CMJAppDelegate.h */ = {isa = PBXFileReference; lastKnownFileType = sourcecode.c.h; path = CMJAppDelegate.h; sourceTree = "<group>"; };
		70B6046A18D7DC8E007DA74F /* CMJAppDelegate.m */ = {isa = PBXFileReference; lastKnownFileType = sourcecode.c.objc; path = CMJAppDelegate.m; sourceTree = "<group>"; };
		70B6046D18D7DC8E007DA74F /* Base */ = {isa = PBXFileReference; lastKnownFileType = file.storyboard; name = Base; path = Base.lproj/Main.storyboard; sourceTree = "<group>"; };
		70B6046F18D7DC8E007DA74F /* CMJViewController.h */ = {isa = PBXFileReference; lastKnownFileType = sourcecode.c.h; path = CMJViewController.h; sourceTree = "<group>"; };
		70B6047018D7DC8E007DA74F /* CMJViewController.m */ = {isa = PBXFileReference; lastKnownFileType = sourcecode.c.objc; path = CMJViewController.m; sourceTree = "<group>"; };
		70B6047218D7DC8E007DA74F /* Images.xcassets */ = {isa = PBXFileReference; lastKnownFileType = folder.assetcatalog; path = Images.xcassets; sourceTree = "<group>"; };
		70B6047818D7DC8E007DA74F /* DoItAgainTests.xctest */ = {isa = PBXFileReference; explicitFileType = wrapper.cfbundle; includeInIndex = 0; path = DoItAgainTests.xctest; sourceTree = BUILT_PRODUCTS_DIR; };
		70B6047918D7DC8E007DA74F /* XCTest.framework */ = {isa = PBXFileReference; lastKnownFileType = wrapper.framework; name = XCTest.framework; path = Library/Frameworks/XCTest.framework; sourceTree = DEVELOPER_DIR; };
		70B6048118D7DC8F007DA74F /* DoItAgainTests-Info.plist */ = {isa = PBXFileReference; lastKnownFileType = text.plist.xml; path = "DoItAgainTests-Info.plist"; sourceTree = "<group>"; };
		70B6048318D7DC8F007DA74F /* en */ = {isa = PBXFileReference; lastKnownFileType = text.plist.strings; name = en; path = en.lproj/InfoPlist.strings; sourceTree = "<group>"; };
		70B6048518D7DC8F007DA74F /* DoItAgainTests.m */ = {isa = PBXFileReference; lastKnownFileType = sourcecode.c.objc; path = DoItAgainTests.m; sourceTree = "<group>"; };
		70B6048F18D7DCC4007DA74F /* CheckMate.framework */ = {isa = PBXFileReference; lastKnownFileType = wrapper.framework; name = CheckMate.framework; path = ../CheckMate.framework; sourceTree = "<group>"; };
/* End PBXFileReference section */

/* Begin PBXFrameworksBuildPhase section */
		70B6045418D7DC8E007DA74F /* Frameworks */ = {
			isa = PBXFrameworksBuildPhase;
			buildActionMask = 2147483647;
			files = (
				70B6049018D7DCC4007DA74F /* CheckMate.framework in Frameworks */,
				70B6045D18D7DC8E007DA74F /* CoreGraphics.framework in Frameworks */,
				70B6045F18D7DC8E007DA74F /* UIKit.framework in Frameworks */,
				70B6045B18D7DC8E007DA74F /* Foundation.framework in Frameworks */,
			);
			runOnlyForDeploymentPostprocessing = 0;
		};
		70B6047518D7DC8E007DA74F /* Frameworks */ = {
			isa = PBXFrameworksBuildPhase;
			buildActionMask = 2147483647;
			files = (
				70B6047A18D7DC8E007DA74F /* XCTest.framework in Frameworks */,
				70B6047C18D7DC8F007DA74F /* UIKit.framework in Frameworks */,
				70B6047B18D7DC8F007DA74F /* Foundation.framework in Frameworks */,
			);
			runOnlyForDeploymentPostprocessing = 0;
		};
/* End PBXFrameworksBuildPhase section */

/* Begin PBXGroup section */
		70B6044E18D7DC8E007DA74F = {
			isa = PBXGroup;
			children = (
				70B6046018D7DC8E007DA74F /* DoItAgain */,
				70B6047F18D7DC8F007DA74F /* DoItAgainTests */,
				70B6045918D7DC8E007DA74F /* Frameworks */,
				70B6045818D7DC8E007DA74F /* Products */,
			);
			sourceTree = "<group>";
		};
		70B6045818D7DC8E007DA74F /* Products */ = {
			isa = PBXGroup;
			children = (
				70B6045718D7DC8E007DA74F /* DoItAgain.app */,
				70B6047818D7DC8E007DA74F /* DoItAgainTests.xctest */,
			);
			name = Products;
			sourceTree = "<group>";
		};
		70B6045918D7DC8E007DA74F /* Frameworks */ = {
			isa = PBXGroup;
			children = (
				70B6048F18D7DCC4007DA74F /* CheckMate.framework */,
				70B6045A18D7DC8E007DA74F /* Foundation.framework */,
				70B6045C18D7DC8E007DA74F /* CoreGraphics.framework */,
				70B6045E18D7DC8E007DA74F /* UIKit.framework */,
				70B6047918D7DC8E007DA74F /* XCTest.framework */,
			);
			name = Frameworks;
			sourceTree = "<group>";
		};
		70B6046018D7DC8E007DA74F /* DoItAgain */ = {
			isa = PBXGroup;
			children = (
				70B6046918D7DC8E007DA74F /* CMJAppDelegate.h */,
				70B6046A18D7DC8E007DA74F /* CMJAppDelegate.m */,
				70B6046C18D7DC8E007DA74F /* Main.storyboard */,
				70B6046F18D7DC8E007DA74F /* CMJViewController.h */,
				70B6047018D7DC8E007DA74F /* CMJViewController.m */,
				70B6047218D7DC8E007DA74F /* Images.xcassets */,
				70B6046118D7DC8E007DA74F /* Supporting Files */,
			);
			path = DoItAgain;
			sourceTree = "<group>";
		};
		70B6046118D7DC8E007DA74F /* Supporting Files */ = {
			isa = PBXGroup;
			children = (
				70B6046218D7DC8E007DA74F /* DoItAgain-Info.plist */,
				70B6046318D7DC8E007DA74F /* InfoPlist.strings */,
				70B6046618D7DC8E007DA74F /* main.m */,
				70B6046818D7DC8E007DA74F /* DoItAgain-Prefix.pch */,
			);
			name = "Supporting Files";
			sourceTree = "<group>";
		};
		70B6047F18D7DC8F007DA74F /* DoItAgainTests */ = {
			isa = PBXGroup;
			children = (
				70B6048518D7DC8F007DA74F /* DoItAgainTests.m */,
				70B6048018D7DC8F007DA74F /* Supporting Files */,
			);
			path = DoItAgainTests;
			sourceTree = "<group>";
		};
		70B6048018D7DC8F007DA74F /* Supporting Files */ = {
			isa = PBXGroup;
			children = (
				70B6048118D7DC8F007DA74F /* DoItAgainTests-Info.plist */,
				70B6048218D7DC8F007DA74F /* InfoPlist.strings */,
			);
			name = "Supporting Files";
			sourceTree = "<group>";
		};
/* End PBXGroup section */

/* Begin PBXNativeTarget section */
		70B6045618D7DC8E007DA74F /* DoItAgain */ = {
			isa = PBXNativeTarget;
			buildConfigurationList = 70B6048918D7DC8F007DA74F /* Build configuration list for PBXNativeTarget "DoItAgain" */;
			buildPhases = (
				70B6045318D7DC8E007DA74F /* Sources */,
				70B6045418D7DC8E007DA74F /* Frameworks */,
				70B6045518D7DC8E007DA74F /* Resources */,
			);
			buildRules = (
			);
			dependencies = (
			);
			name = DoItAgain;
			productName = DoItAgain;
			productReference = 70B6045718D7DC8E007DA74F /* DoItAgain.app */;
			productType = "com.apple.product-type.application";
		};
		70B6047718D7DC8E007DA74F /* DoItAgainTests */ = {
			isa = PBXNativeTarget;
			buildConfigurationList = 70B6048C18D7DC8F007DA74F /* Build configuration list for PBXNativeTarget "DoItAgainTests" */;
			buildPhases = (
				70B6047418D7DC8E007DA74F /* Sources */,
				70B6047518D7DC8E007DA74F /* Frameworks */,
				70B6047618D7DC8E007DA74F /* Resources */,
			);
			buildRules = (
			);
			dependencies = (
				70B6047E18D7DC8F007DA74F /* PBXTargetDependency */,
			);
			name = DoItAgainTests;
			productName = DoItAgainTests;
			productReference = 70B6047818D7DC8E007DA74F /* DoItAgainTests.xctest */;
			productType = "com.apple.product-type.bundle.unit-test";
		};
/* End PBXNativeTarget section */

/* Begin PBXProject section */
		70B6044F18D7DC8E007DA74F /* Project object */ = {
			isa = PBXProject;
			attributes = {
				CLASSPREFIX = CMJ;
				LastUpgradeCheck = 0510;
				ORGANIZATIONNAME = "Claire Jencks";
				TargetAttributes = {
					70B6047718D7DC8E007DA74F = {
						TestTargetID = 70B6045618D7DC8E007DA74F;
					};
				};
			};
			buildConfigurationList = 70B6045218D7DC8E007DA74F /* Build configuration list for PBXProject "DoItAgain" */;
			compatibilityVersion = "Xcode 3.2";
			developmentRegion = English;
			hasScannedForEncodings = 0;
			knownRegions = (
				en,
				Base,
			);
			mainGroup = 70B6044E18D7DC8E007DA74F;
			productRefGroup = 70B6045818D7DC8E007DA74F /* Products */;
			projectDirPath = "";
			projectRoot = "";
			targets = (
				70B6045618D7DC8E007DA74F /* DoItAgain */,
				70B6047718D7DC8E007DA74F /* DoItAgainTests */,
			);
		};
/* End PBXProject section */

/* Begin PBXResourcesBuildPhase section */
		70B6045518D7DC8E007DA74F /* Resources */ = {
			isa = PBXResourcesBuildPhase;
			buildActionMask = 2147483647;
			files = (
				70B6047318D7DC8E007DA74F /* Images.xcassets in Resources */,
				70B6046518D7DC8E007DA74F /* InfoPlist.strings in Resources */,
				70B6046E18D7DC8E007DA74F /* Main.storyboard in Resources */,
			);
			runOnlyForDeploymentPostprocessing = 0;
		};
		70B6047618D7DC8E007DA74F /* Resources */ = {
			isa = PBXResourcesBuildPhase;
			buildActionMask = 2147483647;
			files = (
				70B6048418D7DC8F007DA74F /* InfoPlist.strings in Resources */,
			);
			runOnlyForDeploymentPostprocessing = 0;
		};
/* End PBXResourcesBuildPhase section */

/* Begin PBXSourcesBuildPhase section */
		70B6045318D7DC8E007DA74F /* Sources */ = {
			isa = PBXSourcesBuildPhase;
			buildActionMask = 2147483647;
			files = (
				70B6047118D7DC8E007DA74F /* CMJViewController.m in Sources */,
				70B6046718D7DC8E007DA74F /* main.m in Sources */,
				70B6046B18D7DC8E007DA74F /* CMJAppDelegate.m in Sources */,
			);
			runOnlyForDeploymentPostprocessing = 0;
		};
		70B6047418D7DC8E007DA74F /* Sources */ = {
			isa = PBXSourcesBuildPhase;
			buildActionMask = 2147483647;
			files = (
				70B6048618D7DC8F007DA74F /* DoItAgainTests.m in Sources */,
			);
			runOnlyForDeploymentPostprocessing = 0;
		};
/* End PBXSourcesBuildPhase section */

/* Begin PBXTargetDependency section */
		70B6047E18D7DC8F007DA74F /* PBXTargetDependency */ = {
			isa = PBXTargetDependency;
			target = 70B6045618D7DC8E007DA74F /* DoItAgain */;
			targetProxy = 70B6047D18D7DC8F007DA74F /* PBXContainerItemProxy */;
		};
/* End PBXTargetDependency section */

/* Begin PBXVariantGroup section */
		70B6046318D7DC8E007DA74F /* InfoPlist.strings */ = {
			isa = PBXVariantGroup;
			children = (
				70B6046418D7DC8E007DA74F /* en */,
			);
			name = InfoPlist.strings;
			sourceTree = "<group>";
		};
		70B6046C18D7DC8E007DA74F /* Main.storyboard */ = {
			isa = PBXVariantGroup;
			children = (
				70B6046D18D7DC8E007DA74F /* Base */,
			);
			name = Main.storyboard;
			sourceTree = "<group>";
		};
		70B6048218D7DC8F007DA74F /* InfoPlist.strings */ = {
			isa = PBXVariantGroup;
			children = (
				70B6048318D7DC8F007DA74F /* en */,
			);
			name = InfoPlist.strings;
			sourceTree = "<group>";
		};
/* End PBXVariantGroup section */

/* Begin XCBuildConfiguration section */
		70B6048718D7DC8F007DA74F /* Debug */ = {
			isa = XCBuildConfiguration;
			buildSettings = {
				ALWAYS_SEARCH_USER_PATHS = NO;
				CLANG_CXX_LANGUAGE_STANDARD = "gnu++0x";
				CLANG_CXX_LIBRARY = "libc++";
				CLANG_ENABLE_MODULES = YES;
				CLANG_ENABLE_OBJC_ARC = YES;
				CLANG_WARN_BOOL_CONVERSION = YES;
				CLANG_WARN_CONSTANT_CONVERSION = YES;
				CLANG_WARN_DIRECT_OBJC_ISA_USAGE = YES_ERROR;
				CLANG_WARN_EMPTY_BODY = YES;
				CLANG_WARN_ENUM_CONVERSION = YES;
				CLANG_WARN_INT_CONVERSION = YES;
				CLANG_WARN_OBJC_ROOT_CLASS = YES_ERROR;
				CLANG_WARN__DUPLICATE_METHOD_MATCH = YES;
				"CODE_SIGN_IDENTITY[sdk=iphoneos*]" = "iPhone Developer";
				COPY_PHASE_STRIP = NO;
				GCC_C_LANGUAGE_STANDARD = gnu99;
				GCC_DYNAMIC_NO_PIC = NO;
				GCC_OPTIMIZATION_LEVEL = 0;
				GCC_PREPROCESSOR_DEFINITIONS = (
					"DEBUG=1",
					"$(inherited)",
				);
				GCC_SYMBOLS_PRIVATE_EXTERN = NO;
				GCC_WARN_64_TO_32_BIT_CONVERSION = YES;
				GCC_WARN_ABOUT_RETURN_TYPE = YES_ERROR;
				GCC_WARN_UNDECLARED_SELECTOR = YES;
				GCC_WARN_UNINITIALIZED_AUTOS = YES_AGGRESSIVE;
				GCC_WARN_UNUSED_FUNCTION = YES;
				GCC_WARN_UNUSED_VARIABLE = YES;
				IPHONEOS_DEPLOYMENT_TARGET = 7.1;
				ONLY_ACTIVE_ARCH = YES;
				SDKROOT = iphoneos;
			};
			name = Debug;
		};
		70B6048818D7DC8F007DA74F /* Release */ = {
			isa = XCBuildConfiguration;
			buildSettings = {
				ALWAYS_SEARCH_USER_PATHS = NO;
				CLANG_CXX_LANGUAGE_STANDARD = "gnu++0x";
				CLANG_CXX_LIBRARY = "libc++";
				CLANG_ENABLE_MODULES = YES;
				CLANG_ENABLE_OBJC_ARC = YES;
				CLANG_WARN_BOOL_CONVERSION = YES;
				CLANG_WARN_CONSTANT_CONVERSION = YES;
				CLANG_WARN_DIRECT_OBJC_ISA_USAGE = YES_ERROR;
				CLANG_WARN_EMPTY_BODY = YES;
				CLANG_WARN_ENUM_CONVERSION = YES;
				CLANG_WARN_INT_CONVERSION = YES;
				CLANG_WARN_OBJC_ROOT_CLASS = YES_ERROR;
				CLANG_WARN__DUPLICATE_METHOD_MATCH = YES;
				"CODE_SIGN_IDENTITY[sdk=iphoneos*]" = "iPhone Developer";
				COPY_PHASE_STRIP = YES;
				ENABLE_NS_ASSERTIONS = NO;
				GCC_C_LANGUAGE_STANDARD = gnu99;
				GCC_WARN_64_TO_32_BIT_CONVERSION = YES;
				GCC_WARN_ABOUT_RETURN_TYPE = YES_ERROR;
				GCC_WARN_UNDECLARED_SELECTOR = YES;
				GCC_WARN_UNINITIALIZED_AUTOS = YES_AGGRESSIVE;
				GCC_WARN_UNUSED_FUNCTION = YES;
				GCC_WARN_UNUSED_VARIABLE = YES;
				IPHONEOS_DEPLOYMENT_TARGET = 7.1;
				SDKROOT = iphoneos;
				VALIDATE_PRODUCT = YES;
			};
			name = Release;
		};
		70B6048A18D7DC8F007DA74F /* Debug */ = {
			isa = XCBuildConfiguration;
			buildSettings = {
				ASSETCATALOG_COMPILER_APPICON_NAME = AppIcon;
				ASSETCATALOG_COMPILER_LAUNCHIMAGE_NAME = LaunchImage;
				FRAMEWORK_SEARCH_PATHS = (
					"$(inherited)",
					/Users/clairejencks/MobileMakers,
				);
				GCC_PRECOMPILE_PREFIX_HEADER = YES;
				GCC_PREFIX_HEADER = "DoItAgain/DoItAgain-Prefix.pch";
				INFOPLIST_FILE = "DoItAgain/DoItAgain-Info.plist";
				PRODUCT_NAME = "$(TARGET_NAME)";
				WRAPPER_EXTENSION = app;
			};
			name = Debug;
		};
		70B6048B18D7DC8F007DA74F /* Release */ = {
			isa = XCBuildConfiguration;
			buildSettings = {
				ASSETCATALOG_COMPILER_APPICON_NAME = AppIcon;
				ASSETCATALOG_COMPILER_LAUNCHIMAGE_NAME = LaunchImage;
				FRAMEWORK_SEARCH_PATHS = (
					"$(inherited)",
					/Users/clairejencks/MobileMakers,
				);
				GCC_PRECOMPILE_PREFIX_HEADER = YES;
				GCC_PREFIX_HEADER = "DoItAgain/DoItAgain-Prefix.pch";
				INFOPLIST_FILE = "DoItAgain/DoItAgain-Info.plist";
				PRODUCT_NAME = "$(TARGET_NAME)";
				WRAPPER_EXTENSION = app;
			};
			name = Release;
		};
		70B6048D18D7DC8F007DA74F /* Debug */ = {
			isa = XCBuildConfiguration;
			buildSettings = {
				BUNDLE_LOADER = "$(BUILT_PRODUCTS_DIR)/DoItAgain.app/DoItAgain";
				FRAMEWORK_SEARCH_PATHS = (
					"$(SDKROOT)/Developer/Library/Frameworks",
					"$(inherited)",
					"$(DEVELOPER_FRAMEWORKS_DIR)",
				);
				GCC_PRECOMPILE_PREFIX_HEADER = YES;
				GCC_PREFIX_HEADER = "DoItAgain/DoItAgain-Prefix.pch";
				GCC_PREPROCESSOR_DEFINITIONS = (
					"DEBUG=1",
					"$(inherited)",
				);
				INFOPLIST_FILE = "DoItAgainTests/DoItAgainTests-Info.plist";
				PRODUCT_NAME = "$(TARGET_NAME)";
				TEST_HOST = "$(BUNDLE_LOADER)";
				WRAPPER_EXTENSION = xctest;
			};
			name = Debug;
		};
		70B6048E18D7DC8F007DA74F /* Release */ = {
			isa = XCBuildConfiguration;
			buildSettings = {
				BUNDLE_LOADER = "$(BUILT_PRODUCTS_DIR)/DoItAgain.app/DoItAgain";
				FRAMEWORK_SEARCH_PATHS = (
					"$(SDKROOT)/Developer/Library/Frameworks",
					"$(inherited)",
					"$(DEVELOPER_FRAMEWORKS_DIR)",
				);
				GCC_PRECOMPILE_PREFIX_HEADER = YES;
				GCC_PREFIX_HEADER = "DoItAgain/DoItAgain-Prefix.pch";
				INFOPLIST_FILE = "DoItAgainTests/DoItAgainTests-Info.plist";
				PRODUCT_NAME = "$(TARGET_NAME)";
				TEST_HOST = "$(BUNDLE_LOADER)";
				WRAPPER_EXTENSION = xctest;
			};
			name = Release;
		};
/* End XCBuildConfiguration section */

/* Begin XCConfigurationList section */
		70B6045218D7DC8E007DA74F /* Build configuration list for PBXProject "DoItAgain" */ = {
			isa = XCConfigurationList;
			buildConfigurations = (
				70B6048718D7DC8F007DA74F /* Debug */,
				70B6048818D7DC8F007DA74F /* Release */,
			);
			defaultConfigurationIsVisible = 0;
			defaultConfigurationName = Release;
		};
		70B6048918D7DC8F007DA74F /* Build configuration list for PBXNativeTarget "DoItAgain" */ = {
			isa = XCConfigurationList;
			buildConfigurations = (
				70B6048A18D7DC8F007DA74F /* Debug */,
				70B6048B18D7DC8F007DA74F /* Release */,
			);
			defaultConfigurationIsVisible = 0;
		};
		70B6048C18D7DC8F007DA74F /* Build configuration list for PBXNativeTarget "DoItAgainTests" */ = {
			isa = XCConfigurationList;
			buildConfigurations = (
				70B6048D18D7DC8F007DA74F /* Debug */,
				70B6048E18D7DC8F007DA74F /* Release */,
			);
			defaultConfigurationIsVisible = 0;
		};
/* End XCConfigurationList section */
	};
	rootObject = 70B6044F18D7DC8E007DA74F /* Project object */;
}
